
Microsoft Visual Studio Solution File, Format Version 12.00
# Visual Studio Version 17
VisualStudioVersion = 17.14.36121.58
MinimumVisualStudioVersion = 10.0.40219.1
Project("{FAE04EC0-301F-11D3-BF4B-00C04F79EFBC}") = "mini-6502", "src\mini-6502\mini-6502.csproj", "{67F15CBB-3FA3-49F5-A091-16E2F15DB174}"
EndProject
Global
	GlobalSection(SolutionConfigurationPlatforms) = preSolution
		Debug|Any CPU = Debug|Any CPU
		Release|Any CPU = Release|Any CPU
	EndGlobalSection
	GlobalSection(ProjectConfigurationPlatforms) = postSolution
		{67F15CBB-3FA3-49F5-A091-16E2F15DB174}.Debug|Any CPU.ActiveCfg = Debug|Any CPU
		{67F15CBB-3FA3-49F5-A091-16E2F15DB174}.Debug|Any CPU.Build.0 = Debug|Any CPU
		{67F15CBB-3FA3-49F5-A091-16E2F15DB174}.Release|Any CPU.ActiveCfg = Release|Any CPU
		{67F15CBB-3FA3-49F5-A091-16E2F15DB174}.Release|Any CPU.Build.0 = Release|Any CPU
	EndGlobalSection
	GlobalSection(SolutionProperties) = preSolution
		HideSolutionNode = FALSE
	EndGlobalSection
	GlobalSection(ExtensibilityGlobals) = postSolution
		SolutionGuid = {B86CFA6F-1D98-4F43-A1FB-4D95AB2D9593}
	EndGlobalSection
EndGlobal
